
Microsoft Visual Studio Solution File, Format Version 12.00
# Visual Studio 15
VisualStudioVersion = 15.0.26124.0
MinimumVisualStudioVersion = 15.0.26124.0
Project("{FAE04EC0-301F-11D3-BF4B-00C04F79EFBC}") = "servicreditossasweb", "servicreditossasweb\servicreditossasweb.csproj", "{B329E996-9573-41B4-9BA0-3B2F93BA12A0}"
EndProject
Project("{FAE04EC0-301F-11D3-BF4B-00C04F79EFBC}") = "Datos", "Datos\Datos.csproj", "{3FA63594-AC36-44BF-BEFB-168B47A601CE}"
EndProject
Project("{FAE04EC0-301F-11D3-BF4B-00C04F79EFBC}") = "Logica", "Logica\Logica.csproj", "{6489DA49-E0CE-4301-8C9C-C766C46D5AB6}"
EndProject
Project("{FAE04EC0-301F-11D3-BF4B-00C04F79EFBC}") = "Entity", "Entity\Entity.csproj", "{36A5CA3A-9616-404E-BBBE-CD5F15364E39}"
EndProject
Global
	GlobalSection(SolutionConfigurationPlatforms) = preSolution
		Debug|Any CPU = Debug|Any CPU
		Debug|x64 = Debug|x64
		Debug|x86 = Debug|x86
		Release|Any CPU = Release|Any CPU
		Release|x64 = Release|x64
		Release|x86 = Release|x86
	EndGlobalSection
	GlobalSection(SolutionProperties) = preSolution
		HideSolutionNode = FALSE
	EndGlobalSection
	GlobalSection(ProjectConfigurationPlatforms) = postSolution
		{B329E996-9573-41B4-9BA0-3B2F93BA12A0}.Debug|Any CPU.ActiveCfg = Debug|Any CPU
		{B329E996-9573-41B4-9BA0-3B2F93BA12A0}.Debug|Any CPU.Build.0 = Debug|Any CPU
		{B329E996-9573-41B4-9BA0-3B2F93BA12A0}.Debug|x64.ActiveCfg = Debug|Any CPU
		{B329E996-9573-41B4-9BA0-3B2F93BA12A0}.Debug|x64.Build.0 = Debug|Any CPU
		{B329E996-9573-41B4-9BA0-3B2F93BA12A0}.Debug|x86.ActiveCfg = Debug|Any CPU
		{B329E996-9573-41B4-9BA0-3B2F93BA12A0}.Debug|x86.Build.0 = Debug|Any CPU
		{B329E996-9573-41B4-9BA0-3B2F93BA12A0}.Release|Any CPU.ActiveCfg = Release|Any CPU
		{B329E996-9573-41B4-9BA0-3B2F93BA12A0}.Release|Any CPU.Build.0 = Release|Any CPU
		{B329E996-9573-41B4-9BA0-3B2F93BA12A0}.Release|x64.ActiveCfg = Release|Any CPU
		{B329E996-9573-41B4-9BA0-3B2F93BA12A0}.Release|x64.Build.0 = Release|Any CPU
		{B329E996-9573-41B4-9BA0-3B2F93BA12A0}.Release|x86.ActiveCfg = Release|Any CPU
		{B329E996-9573-41B4-9BA0-3B2F93BA12A0}.Release|x86.Build.0 = Release|Any CPU
		{3FA63594-AC36-44BF-BEFB-168B47A601CE}.Debug|Any CPU.ActiveCfg = Debug|Any CPU
		{3FA63594-AC36-44BF-BEFB-168B47A601CE}.Debug|Any CPU.Build.0 = Debug|Any CPU
		{3FA63594-AC36-44BF-BEFB-168B47A601CE}.Debug|x64.ActiveCfg = Debug|Any CPU
		{3FA63594-AC36-44BF-BEFB-168B47A601CE}.Debug|x64.Build.0 = Debug|Any CPU
		{3FA63594-AC36-44BF-BEFB-168B47A601CE}.Debug|x86.ActiveCfg = Debug|Any CPU
		{3FA63594-AC36-44BF-BEFB-168B47A601CE}.Debug|x86.Build.0 = Debug|Any CPU
		{3FA63594-AC36-44BF-BEFB-168B47A601CE}.Release|Any CPU.ActiveCfg = Release|Any CPU
		{3FA63594-AC36-44BF-BEFB-168B47A601CE}.Release|Any CPU.Build.0 = Release|Any CPU
		{3FA63594-AC36-44BF-BEFB-168B47A601CE}.Release|x64.ActiveCfg = Release|Any CPU
		{3FA63594-AC36-44BF-BEFB-168B47A601CE}.Release|x64.Build.0 = Release|Any CPU
		{3FA63594-AC36-44BF-BEFB-168B47A601CE}.Release|x86.ActiveCfg = Release|Any CPU
		{3FA63594-AC36-44BF-BEFB-168B47A601CE}.Release|x86.Build.0 = Release|Any CPU
		{6489DA49-E0CE-4301-8C9C-C766C46D5AB6}.Debug|Any CPU.ActiveCfg = Debug|Any CPU
		{6489DA49-E0CE-4301-8C9C-C766C46D5AB6}.Debug|Any CPU.Build.0 = Debug|Any CPU
		{6489DA49-E0CE-4301-8C9C-C766C46D5AB6}.Debug|x64.ActiveCfg = Debug|Any CPU
		{6489DA49-E0CE-4301-8C9C-C766C46D5AB6}.Debug|x64.Build.0 = Debug|Any CPU
		{6489DA49-E0CE-4301-8C9C-C766C46D5AB6}.Debug|x86.ActiveCfg = Debug|Any CPU
		{6489DA49-E0CE-4301-8C9C-C766C46D5AB6}.Debug|x86.Build.0 = Debug|Any CPU
		{6489DA49-E0CE-4301-8C9C-C766C46D5AB6}.Release|Any CPU.ActiveCfg = Release|Any CPU
		{6489DA49-E0CE-4301-8C9C-C766C46D5AB6}.Release|Any CPU.Build.0 = Release|Any CPU
		{6489DA49-E0CE-4301-8C9C-C766C46D5AB6}.Release|x64.ActiveCfg = Release|Any CPU
		{6489DA49-E0CE-4301-8C9C-C766C46D5AB6}.Release|x64.Build.0 = Release|Any CPU
		{6489DA49-E0CE-4301-8C9C-C766C46D5AB6}.Release|x86.ActiveCfg = Release|Any CPU
		{6489DA49-E0CE-4301-8C9C-C766C46D5AB6}.Release|x86.Build.0 = Release|Any CPU
		{36A5CA3A-9616-404E-BBBE-CD5F15364E39}.Debug|Any CPU.ActiveCfg = Debug|Any CPU
		{36A5CA3A-9616-404E-BBBE-CD5F15364E39}.Debug|Any CPU.Build.0 = Debug|Any CPU
		{36A5CA3A-9616-404E-BBBE-CD5F15364E39}.Debug|x64.ActiveCfg = Debug|Any CPU
		{36A5CA3A-9616-404E-BBBE-CD5F15364E39}.Debug|x64.Build.0 = Debug|Any CPU
		{36A5CA3A-9616-404E-BBBE-CD5F15364E39}.Debug|x86.ActiveCfg = Debug|Any CPU
		{36A5CA3A-9616-404E-BBBE-CD5F15364E39}.Debug|x86.Build.0 = Debug|Any CPU
		{36A5CA3A-9616-404E-BBBE-CD5F15364E39}.Release|Any CPU.ActiveCfg = Release|Any CPU
		{36A5CA3A-9616-404E-BBBE-CD5F15364E39}.Release|Any CPU.Build.0 = Release|Any CPU
		{36A5CA3A-9616-404E-BBBE-CD5F15364E39}.Release|x64.ActiveCfg = Release|Any CPU
		{36A5CA3A-9616-404E-BBBE-CD5F15364E39}.Release|x64.Build.0 = Release|Any CPU
		{36A5CA3A-9616-404E-BBBE-CD5F15364E39}.Release|x86.ActiveCfg = Release|Any CPU
		{36A5CA3A-9616-404E-BBBE-CD5F15364E39}.Release|x86.Build.0 = Release|Any CPU
	EndGlobalSection
EndGlobal
